// !$*UTF8*$!
{
	archiveVersion = 1;
	classes = {
	};
	objectVersion = 55;
	objects = {

/* Begin PBXBuildFile section */
		38B82B7274D769597986E436 /* Pods_Flix_FlixUITests.framework in Frameworks */ = {isa = PBXBuildFile; fileRef = 14CC5DC1831A83688ACA0D16 /* Pods_Flix_FlixUITests.framework */; };
		605D6607B8BF1578DE509C47 /* Pods_FlixTests.framework in Frameworks */ = {isa = PBXBuildFile; fileRef = EB3FE6B492EA3F971899E9E5 /* Pods_FlixTests.framework */; };
		6AC27ED5DF9272AB046F923C /* Pods_Flix.framework in Frameworks */ = {isa = PBXBuildFile; fileRef = DCEF9BB1CE1AC7D414CC790C /* Pods_Flix.framework */; };
		8A849B2D28DE04B900323D22 /* MovieDetailsViewController.swift in Sources */ = {isa = PBXBuildFile; fileRef = 8A849B2C28DE04B900323D22 /* MovieDetailsViewController.swift */; };
		8A849B2F28DE252400323D22 /* MovieGridViewController.swift in Sources */ = {isa = PBXBuildFile; fileRef = 8A849B2E28DE252400323D22 /* MovieGridViewController.swift */; };
		8A849B3128DE2BAB00323D22 /* MovieGridCell.swift in Sources */ = {isa = PBXBuildFile; fileRef = 8A849B3028DE2BAB00323D22 /* MovieGridCell.swift */; };
		8A8C8A5E28D556A900C5160D /* AppDelegate.swift in Sources */ = {isa = PBXBuildFile; fileRef = 8A8C8A5D28D556A900C5160D /* AppDelegate.swift */; };
		8A8C8A6028D556A900C5160D /* SceneDelegate.swift in Sources */ = {isa = PBXBuildFile; fileRef = 8A8C8A5F28D556A900C5160D /* SceneDelegate.swift */; };
		8A8C8A6228D556A900C5160D /* ViewController.swift in Sources */ = {isa = PBXBuildFile; fileRef = 8A8C8A6128D556A900C5160D /* ViewController.swift */; };
		8A8C8A6528D556A900C5160D /* Main.storyboard in Resources */ = {isa = PBXBuildFile; fileRef = 8A8C8A6328D556A900C5160D /* Main.storyboard */; };
		8A8C8A6728D556AA00C5160D /* Assets.xcassets in Resources */ = {isa = PBXBuildFile; fileRef = 8A8C8A6628D556AA00C5160D /* Assets.xcassets */; };
		8A8C8A6A28D556AA00C5160D /* LaunchScreen.storyboard in Resources */ = {isa = PBXBuildFile; fileRef = 8A8C8A6828D556AA00C5160D /* LaunchScreen.storyboard */; };
		8A8C8A7528D556AA00C5160D /* FlixTests.swift in Sources */ = {isa = PBXBuildFile; fileRef = 8A8C8A7428D556AA00C5160D /* FlixTests.swift */; };
		8A8C8A7F28D556AA00C5160D /* FlixUITests.swift in Sources */ = {isa = PBXBuildFile; fileRef = 8A8C8A7E28D556AA00C5160D /* FlixUITests.swift */; };
		8A8C8A8128D556AA00C5160D /* FlixUITestsLaunchTests.swift in Sources */ = {isa = PBXBuildFile; fileRef = 8A8C8A8028D556AA00C5160D /* FlixUITestsLaunchTests.swift */; };
		8A8C8A8E28D56DC000C5160D /* MoviesViewController.swift in Sources */ = {isa = PBXBuildFile; fileRef = 8A8C8A8D28D56DC000C5160D /* MoviesViewController.swift */; };
		8A8C8A9028D5782600C5160D /* MovieCell.swift in Sources */ = {isa = PBXBuildFile; fileRef = 8A8C8A8F28D5782600C5160D /* MovieCell.swift */; };
		8A8C8A9328D5835B00C5160D /* AlamofireImage in Frameworks */ = {isa = PBXBuildFile; productRef = 8A8C8A9228D5835B00C5160D /* AlamofireImage */; };
/* End PBXBuildFile section */

/* Begin PBXContainerItemProxy section */
		8A8C8A7128D556AA00C5160D /* PBXContainerItemProxy */ = {
			isa = PBXContainerItemProxy;
			containerPortal = 8A8C8A5228D556A900C5160D /* Project object */;
			proxyType = 1;
			remoteGlobalIDString = 8A8C8A5928D556A900C5160D;
			remoteInfo = Flix;
		};
		8A8C8A7B28D556AA00C5160D /* PBXContainerItemProxy */ = {
			isa = PBXContainerItemProxy;
			containerPortal = 8A8C8A5228D556A900C5160D /* Project object */;
			proxyType = 1;
			remoteGlobalIDString = 8A8C8A5928D556A900C5160D;
			remoteInfo = Flix;
		};
/* End PBXContainerItemProxy section */

/* Begin PBXFileReference section */
		14CC5DC1831A83688ACA0D16 /* Pods_Flix_FlixUITests.framework */ = {isa = PBXFileReference; explicitFileType = wrapper.framework; includeInIndex = 0; path = Pods_Flix_FlixUITests.framework; sourceTree = BUILT_PRODUCTS_DIR; };
		459863E757887D4F4BA0E594 /* Pods-FlixTests.release.xcconfig */ = {isa = PBXFileReference; includeInIndex = 1; lastKnownFileType = text.xcconfig; name = "Pods-FlixTests.release.xcconfig"; path = "Target Support Files/Pods-FlixTests/Pods-FlixTests.release.xcconfig"; sourceTree = "<group>"; };
		49894E650792451184D97517 /* Pods-Flix.debug.xcconfig */ = {isa = PBXFileReference; includeInIndex = 1; lastKnownFileType = text.xcconfig; name = "Pods-Flix.debug.xcconfig"; path = "Target Support Files/Pods-Flix/Pods-Flix.debug.xcconfig"; sourceTree = "<group>"; };
		4B8B1E938138E81521691004 /* Pods-Flix.release.xcconfig */ = {isa = PBXFileReference; includeInIndex = 1; lastKnownFileType = text.xcconfig; name = "Pods-Flix.release.xcconfig"; path = "Target Support Files/Pods-Flix/Pods-Flix.release.xcconfig"; sourceTree = "<group>"; };
		8A849B2C28DE04B900323D22 /* MovieDetailsViewController.swift */ = {isa = PBXFileReference; lastKnownFileType = sourcecode.swift; path = MovieDetailsViewController.swift; sourceTree = "<group>"; };
		8A849B2E28DE252400323D22 /* MovieGridViewController.swift */ = {isa = PBXFileReference; lastKnownFileType = sourcecode.swift; path = MovieGridViewController.swift; sourceTree = "<group>"; };
		8A849B3028DE2BAB00323D22 /* MovieGridCell.swift */ = {isa = PBXFileReference; lastKnownFileType = sourcecode.swift; path = MovieGridCell.swift; sourceTree = "<group>"; };
		8A8C8A5A28D556A900C5160D /* Flix.app */ = {isa = PBXFileReference; explicitFileType = wrapper.application; includeInIndex = 0; path = Flix.app; sourceTree = BUILT_PRODUCTS_DIR; };
		8A8C8A5D28D556A900C5160D /* AppDelegate.swift */ = {isa = PBXFileReference; lastKnownFileType = sourcecode.swift; path = AppDelegate.swift; sourceTree = "<group>"; };
		8A8C8A5F28D556A900C5160D /* SceneDelegate.swift */ = {isa = PBXFileReference; lastKnownFileType = sourcecode.swift; path = SceneDelegate.swift; sourceTree = "<group>"; };
		8A8C8A6128D556A900C5160D /* ViewController.swift */ = {isa = PBXFileReference; lastKnownFileType = sourcecode.swift; path = ViewController.swift; sourceTree = "<group>"; };
		8A8C8A6428D556A900C5160D /* Base */ = {isa = PBXFileReference; lastKnownFileType = file.storyboard; name = Base; path = Base.lproj/Main.storyboard; sourceTree = "<group>"; };
		8A8C8A6628D556AA00C5160D /* Assets.xcassets */ = {isa = PBXFileReference; lastKnownFileType = folder.assetcatalog; path = Assets.xcassets; sourceTree = "<group>"; };
		8A8C8A6928D556AA00C5160D /* Base */ = {isa = PBXFileReference; lastKnownFileType = file.storyboard; name = Base; path = Base.lproj/LaunchScreen.storyboard; sourceTree = "<group>"; };
		8A8C8A6B28D556AA00C5160D /* Info.plist */ = {isa = PBXFileReference; lastKnownFileType = text.plist.xml; path = Info.plist; sourceTree = "<group>"; };
		8A8C8A7028D556AA00C5160D /* FlixTests.xctest */ = {isa = PBXFileReference; explicitFileType = wrapper.cfbundle; includeInIndex = 0; path = FlixTests.xctest; sourceTree = BUILT_PRODUCTS_DIR; };
		8A8C8A7428D556AA00C5160D /* FlixTests.swift */ = {isa = PBXFileReference; lastKnownFileType = sourcecode.swift; path = FlixTests.swift; sourceTree = "<group>"; };
		8A8C8A7A28D556AA00C5160D /* FlixUITests.xctest */ = {isa = PBXFileReference; explicitFileType = wrapper.cfbundle; includeInIndex = 0; path = FlixUITests.xctest; sourceTree = BUILT_PRODUCTS_DIR; };
		8A8C8A7E28D556AA00C5160D /* FlixUITests.swift */ = {isa = PBXFileReference; lastKnownFileType = sourcecode.swift; path = FlixUITests.swift; sourceTree = "<group>"; };
		8A8C8A8028D556AA00C5160D /* FlixUITestsLaunchTests.swift */ = {isa = PBXFileReference; lastKnownFileType = sourcecode.swift; path = FlixUITestsLaunchTests.swift; sourceTree = "<group>"; };
		8A8C8A8D28D56DC000C5160D /* MoviesViewController.swift */ = {isa = PBXFileReference; lastKnownFileType = sourcecode.swift; path = MoviesViewController.swift; sourceTree = "<group>"; };
		8A8C8A8F28D5782600C5160D /* MovieCell.swift */ = {isa = PBXFileReference; lastKnownFileType = sourcecode.swift; path = MovieCell.swift; sourceTree = "<group>"; };
		96877D799BE1D4AE0FE0017E /* Pods-Flix-FlixUITests.debug.xcconfig */ = {isa = PBXFileReference; includeInIndex = 1; lastKnownFileType = text.xcconfig; name = "Pods-Flix-FlixUITests.debug.xcconfig"; path = "Target Support Files/Pods-Flix-FlixUITests/Pods-Flix-FlixUITests.debug.xcconfig"; sourceTree = "<group>"; };
		D9252C12947D412FF8097F34 /* Pods-FlixTests.debug.xcconfig */ = {isa = PBXFileReference; includeInIndex = 1; lastKnownFileType = text.xcconfig; name = "Pods-FlixTests.debug.xcconfig"; path = "Target Support Files/Pods-FlixTests/Pods-FlixTests.debug.xcconfig"; sourceTree = "<group>"; };
		DCEF9BB1CE1AC7D414CC790C /* Pods_Flix.framework */ = {isa = PBXFileReference; explicitFileType = wrapper.framework; includeInIndex = 0; path = Pods_Flix.framework; sourceTree = BUILT_PRODUCTS_DIR; };
		EB3FE6B492EA3F971899E9E5 /* Pods_FlixTests.framework */ = {isa = PBXFileReference; explicitFileType = wrapper.framework; includeInIndex = 0; path = Pods_FlixTests.framework; sourceTree = BUILT_PRODUCTS_DIR; };
		FD10F576CCE17A9D63734FDA /* Pods-Flix-FlixUITests.release.xcconfig */ = {isa = PBXFileReference; includeInIndex = 1; lastKnownFileType = text.xcconfig; name = "Pods-Flix-FlixUITests.release.xcconfig"; path = "Target Support Files/Pods-Flix-FlixUITests/Pods-Flix-FlixUITests.release.xcconfig"; sourceTree = "<group>"; };
/* End PBXFileReference section */

/* Begin PBXFrameworksBuildPhase section */
		8A8C8A5728D556A900C5160D /* Frameworks */ = {
			isa = PBXFrameworksBuildPhase;
			buildActionMask = 2147483647;
			files = (
				8A8C8A9328D5835B00C5160D /* AlamofireImage in Frameworks */,
				6AC27ED5DF9272AB046F923C /* Pods_Flix.framework in Frameworks */,
			);
			runOnlyForDeploymentPostprocessing = 0;
		};
		8A8C8A6D28D556AA00C5160D /* Frameworks */ = {
			isa = PBXFrameworksBuildPhase;
			buildActionMask = 2147483647;
			files = (
				605D6607B8BF1578DE509C47 /* Pods_FlixTests.framework in Frameworks */,
			);
			runOnlyForDeploymentPostprocessing = 0;
		};
		8A8C8A7728D556AA00C5160D /* Frameworks */ = {
			isa = PBXFrameworksBuildPhase;
			buildActionMask = 2147483647;
			files = (
				38B82B7274D769597986E436 /* Pods_Flix_FlixUITests.framework in Frameworks */,
			);
			runOnlyForDeploymentPostprocessing = 0;
		};
/* End PBXFrameworksBuildPhase section */

/* Begin PBXGroup section */
		51C250AD4B9AD2288C24E645 /* Frameworks */ = {
			isa = PBXGroup;
			children = (
				DCEF9BB1CE1AC7D414CC790C /* Pods_Flix.framework */,
				14CC5DC1831A83688ACA0D16 /* Pods_Flix_FlixUITests.framework */,
				EB3FE6B492EA3F971899E9E5 /* Pods_FlixTests.framework */,
			);
			name = Frameworks;
			sourceTree = "<group>";
		};
		8A8C8A5128D556A900C5160D = {
			isa = PBXGroup;
			children = (
				8A8C8A5C28D556A900C5160D /* Flix */,
				8A8C8A7328D556AA00C5160D /* FlixTests */,
				8A8C8A7D28D556AA00C5160D /* FlixUITests */,
				8A8C8A5B28D556A900C5160D /* Products */,
				A904C220832F5FC8FCD21532 /* Pods */,
				51C250AD4B9AD2288C24E645 /* Frameworks */,
			);
			sourceTree = "<group>";
		};
		8A8C8A5B28D556A900C5160D /* Products */ = {
			isa = PBXGroup;
			children = (
				8A8C8A5A28D556A900C5160D /* Flix.app */,
				8A8C8A7028D556AA00C5160D /* FlixTests.xctest */,
				8A8C8A7A28D556AA00C5160D /* FlixUITests.xctest */,
			);
			name = Products;
			sourceTree = "<group>";
		};
		8A8C8A5C28D556A900C5160D /* Flix */ = {
			isa = PBXGroup;
			children = (
				8A8C8A5D28D556A900C5160D /* AppDelegate.swift */,
				8A8C8A5F28D556A900C5160D /* SceneDelegate.swift */,
				8A8C8A6128D556A900C5160D /* ViewController.swift */,
				8A8C8A6328D556A900C5160D /* Main.storyboard */,
				8A8C8A8F28D5782600C5160D /* MovieCell.swift */,
				8A8C8A8D28D56DC000C5160D /* MoviesViewController.swift */,
				8A8C8A6628D556AA00C5160D /* Assets.xcassets */,
				8A8C8A6828D556AA00C5160D /* LaunchScreen.storyboard */,
				8A8C8A6B28D556AA00C5160D /* Info.plist */,
				8A849B2C28DE04B900323D22 /* MovieDetailsViewController.swift */,
				8A849B2E28DE252400323D22 /* MovieGridViewController.swift */,
				8A849B3028DE2BAB00323D22 /* MovieGridCell.swift */,
			);
			path = Flix;
			sourceTree = "<group>";
		};
		8A8C8A7328D556AA00C5160D /* FlixTests */ = {
			isa = PBXGroup;
			children = (
				8A8C8A7428D556AA00C5160D /* FlixTests.swift */,
			);
			path = FlixTests;
			sourceTree = "<group>";
		};
		8A8C8A7D28D556AA00C5160D /* FlixUITests */ = {
			isa = PBXGroup;
			children = (
				8A8C8A7E28D556AA00C5160D /* FlixUITests.swift */,
				8A8C8A8028D556AA00C5160D /* FlixUITestsLaunchTests.swift */,
			);
			path = FlixUITests;
			sourceTree = "<group>";
		};
		A904C220832F5FC8FCD21532 /* Pods */ = {
			isa = PBXGroup;
			children = (
				49894E650792451184D97517 /* Pods-Flix.debug.xcconfig */,
				4B8B1E938138E81521691004 /* Pods-Flix.release.xcconfig */,
				96877D799BE1D4AE0FE0017E /* Pods-Flix-FlixUITests.debug.xcconfig */,
				FD10F576CCE17A9D63734FDA /* Pods-Flix-FlixUITests.release.xcconfig */,
				D9252C12947D412FF8097F34 /* Pods-FlixTests.debug.xcconfig */,
				459863E757887D4F4BA0E594 /* Pods-FlixTests.release.xcconfig */,
			);
			path = Pods;
			sourceTree = "<group>";
		};
/* End PBXGroup section */

/* Begin PBXNativeTarget section */
		8A8C8A5928D556A900C5160D /* Flix */ = {
			isa = PBXNativeTarget;
			buildConfigurationList = 8A8C8A8428D556AA00C5160D /* Build configuration list for PBXNativeTarget "Flix" */;
			buildPhases = (
				67B4A5E49432A5B9FF5A86EE /* [CP] Check Pods Manifest.lock */,
				8A8C8A5628D556A900C5160D /* Sources */,
				8A8C8A5728D556A900C5160D /* Frameworks */,
				8A8C8A5828D556A900C5160D /* Resources */,
				D094CA99AD46894F3CE703F7 /* [CP] Embed Pods Frameworks */,
			);
			buildRules = (
			);
			dependencies = (
			);
			name = Flix;
			packageProductDependencies = (
				8A8C8A9228D5835B00C5160D /* AlamofireImage */,
			);
			productName = Flix;
			productReference = 8A8C8A5A28D556A900C5160D /* Flix.app */;
			productType = "com.apple.product-type.application";
		};
		8A8C8A6F28D556AA00C5160D /* FlixTests */ = {
			isa = PBXNativeTarget;
			buildConfigurationList = 8A8C8A8728D556AA00C5160D /* Build configuration list for PBXNativeTarget "FlixTests" */;
			buildPhases = (
				FE2269C6412E7D5E4114B651 /* [CP] Check Pods Manifest.lock */,
				8A8C8A6C28D556AA00C5160D /* Sources */,
				8A8C8A6D28D556AA00C5160D /* Frameworks */,
				8A8C8A6E28D556AA00C5160D /* Resources */,
			);
			buildRules = (
			);
			dependencies = (
				8A8C8A7228D556AA00C5160D /* PBXTargetDependency */,
			);
			name = FlixTests;
			productName = FlixTests;
			productReference = 8A8C8A7028D556AA00C5160D /* FlixTests.xctest */;
			productType = "com.apple.product-type.bundle.unit-test";
		};
		8A8C8A7928D556AA00C5160D /* FlixUITests */ = {
			isa = PBXNativeTarget;
			buildConfigurationList = 8A8C8A8A28D556AA00C5160D /* Build configuration list for PBXNativeTarget "FlixUITests" */;
			buildPhases = (
				0664EFBA5E6BDE30630D07C9 /* [CP] Check Pods Manifest.lock */,
				8A8C8A7628D556AA00C5160D /* Sources */,
				8A8C8A7728D556AA00C5160D /* Frameworks */,
				8A8C8A7828D556AA00C5160D /* Resources */,
				C513FAA1A7938485C6C30847 /* [CP] Embed Pods Frameworks */,
			);
			buildRules = (
			);
			dependencies = (
				8A8C8A7C28D556AA00C5160D /* PBXTargetDependency */,
			);
			name = FlixUITests;
			productName = FlixUITests;
			productReference = 8A8C8A7A28D556AA00C5160D /* FlixUITests.xctest */;
			productType = "com.apple.product-type.bundle.ui-testing";
		};
/* End PBXNativeTarget section */

/* Begin PBXProject section */
		8A8C8A5228D556A900C5160D /* Project object */ = {
			isa = PBXProject;
			attributes = {
				BuildIndependentTargetsInParallel = 1;
				LastSwiftUpdateCheck = 1340;
				LastUpgradeCheck = 1340;
				TargetAttributes = {
					8A8C8A5928D556A900C5160D = {
						CreatedOnToolsVersion = 13.4.1;
					};
					8A8C8A6F28D556AA00C5160D = {
						CreatedOnToolsVersion = 13.4.1;
						TestTargetID = 8A8C8A5928D556A900C5160D;
					};
					8A8C8A7928D556AA00C5160D = {
						CreatedOnToolsVersion = 13.4.1;
						TestTargetID = 8A8C8A5928D556A900C5160D;
					};
				};
			};
			buildConfigurationList = 8A8C8A5528D556A900C5160D /* Build configuration list for PBXProject "Flix" */;
			compatibilityVersion = "Xcode 13.0";
			developmentRegion = en;
			hasScannedForEncodings = 0;
			knownRegions = (
				en,
				Base,
			);
			mainGroup = 8A8C8A5128D556A900C5160D;
			packageReferences = (
				8A8C8A9128D5835B00C5160D /* XCRemoteSwiftPackageReference "AlamofireImage" */,
			);
			productRefGroup = 8A8C8A5B28D556A900C5160D /* Products */;
			projectDirPath = "";
			projectRoot = "";
			targets = (
				8A8C8A5928D556A900C5160D /* Flix */,
				8A8C8A6F28D556AA00C5160D /* FlixTests */,
				8A8C8A7928D556AA00C5160D /* FlixUITests */,
			);
		};
/* End PBXProject section */

/* Begin PBXResourcesBuildPhase section */
		8A8C8A5828D556A900C5160D /* Resources */ = {
			isa = PBXResourcesBuildPhase;
			buildActionMask = 2147483647;
			files = (
				8A8C8A6A28D556AA00C5160D /* LaunchScreen.storyboard in Resources */,
				8A8C8A6728D556AA00C5160D /* Assets.xcassets in Resources */,
				8A8C8A6528D556A900C5160D /* Main.storyboard in Resources */,
			);
			runOnlyForDeploymentPostprocessing = 0;
		};
		8A8C8A6E28D556AA00C5160D /* Resources */ = {
			isa = PBXResourcesBuildPhase;
			buildActionMask = 2147483647;
			files = (
			);
			runOnlyForDeploymentPostprocessing = 0;
		};
		8A8C8A7828D556AA00C5160D /* Resources */ = {
			isa = PBXResourcesBuildPhase;
			buildActionMask = 2147483647;
			files = (
			);
			runOnlyForDeploymentPostprocessing = 0;
		};
/* End PBXResourcesBuildPhase section */

/* Begin PBXShellScriptBuildPhase section */
		0664EFBA5E6BDE30630D07C9 /* [CP] Check Pods Manifest.lock */ = {
			isa = PBXShellScriptBuildPhase;
			buildActionMask = 2147483647;
			files = (
			);
			inputFileListPaths = (
			);
			inputPaths = (
				"${PODS_PODFILE_DIR_PATH}/Podfile.lock",
				"${PODS_ROOT}/Manifest.lock",
			);
			name = "[CP] Check Pods Manifest.lock";
			outputFileListPaths = (
			);
			outputPaths = (
				"$(DERIVED_FILE_DIR)/Pods-Flix-FlixUITests-checkManifestLockResult.txt",
			);
			runOnlyForDeploymentPostprocessing = 0;
			shellPath = /bin/sh;
			shellScript = "diff \"${PODS_PODFILE_DIR_PATH}/Podfile.lock\" \"${PODS_ROOT}/Manifest.lock\" > /dev/null\nif [ $? != 0 ] ; then\n    # print error to STDERR\n    echo \"error: The sandbox is not in sync with the Podfile.lock. Run 'pod install' or update your CocoaPods installation.\" >&2\n    exit 1\nfi\n# This output is used by Xcode 'outputs' to avoid re-running this script phase.\necho \"SUCCESS\" > \"${SCRIPT_OUTPUT_FILE_0}\"\n";
			showEnvVarsInLog = 0;
		};
		67B4A5E49432A5B9FF5A86EE /* [CP] Check Pods Manifest.lock */ = {
			isa = PBXShellScriptBuildPhase;
			buildActionMask = 2147483647;
			files = (
			);
			inputFileListPaths = (
			);
			inputPaths = (
				"${PODS_PODFILE_DIR_PATH}/Podfile.lock",
				"${PODS_ROOT}/Manifest.lock",
			);
			name = "[CP] Check Pods Manifest.lock";
			outputFileListPaths = (
			);
			outputPaths = (
				"$(DERIVED_FILE_DIR)/Pods-Flix-checkManifestLockResult.txt",
			);
			runOnlyForDeploymentPostprocessing = 0;
			shellPath = /bin/sh;
			shellScript = "diff \"${PODS_PODFILE_DIR_PATH}/Podfile.lock\" \"${PODS_ROOT}/Manifest.lock\" > /dev/null\nif [ $? != 0 ] ; then\n    # print error to STDERR\n    echo \"error: The sandbox is not in sync with the Podfile.lock. Run 'pod install' or update your CocoaPods installation.\" >&2\n    exit 1\nfi\n# This output is used by Xcode 'outputs' to avoid re-running this script phase.\necho \"SUCCESS\" > \"${SCRIPT_OUTPUT_FILE_0}\"\n";
			showEnvVarsInLog = 0;
		};
		C513FAA1A7938485C6C30847 /* [CP] Embed Pods Frameworks */ = {
			isa = PBXShellScriptBuildPhase;
			buildActionMask = 2147483647;
			files = (
			);
			inputFileListPaths = (
				"${PODS_ROOT}/Target Support Files/Pods-Flix-FlixUITests/Pods-Flix-FlixUITests-frameworks-${CONFIGURATION}-input-files.xcfilelist",
			);
			name = "[CP] Embed Pods Frameworks";
			outputFileListPaths = (
				"${PODS_ROOT}/Target Support Files/Pods-Flix-FlixUITests/Pods-Flix-FlixUITests-frameworks-${CONFIGURATION}-output-files.xcfilelist",
			);
			runOnlyForDeploymentPostprocessing = 0;
			shellPath = /bin/sh;
			shellScript = "\"${PODS_ROOT}/Target Support Files/Pods-Flix-FlixUITests/Pods-Flix-FlixUITests-frameworks.sh\"\n";
			showEnvVarsInLog = 0;
		};
		D094CA99AD46894F3CE703F7 /* [CP] Embed Pods Frameworks */ = {
			isa = PBXShellScriptBuildPhase;
			buildActionMask = 2147483647;
			files = (
			);
			inputFileListPaths = (
				"${PODS_ROOT}/Target Support Files/Pods-Flix/Pods-Flix-frameworks-${CONFIGURATION}-input-files.xcfilelist",
			);
			name = "[CP] Embed Pods Frameworks";
			outputFileListPaths = (
				"${PODS_ROOT}/Target Support Files/Pods-Flix/Pods-Flix-frameworks-${CONFIGURATION}-output-files.xcfilelist",
			);
			runOnlyForDeploymentPostprocessing = 0;
			shellPath = /bin/sh;
			shellScript = "\"${PODS_ROOT}/Target Support Files/Pods-Flix/Pods-Flix-frameworks.sh\"\n";
			showEnvVarsInLog = 0;
		};
		FE2269C6412E7D5E4114B651 /* [CP] Check Pods Manifest.lock */ = {
			isa = PBXShellScriptBuildPhase;
			buildActionMask = 2147483647;
			files = (
			);
			inputFileListPaths = (
			);
			inputPaths = (
				"${PODS_PODFILE_DIR_PATH}/Podfile.lock",
				"${PODS_ROOT}/Manifest.lock",
			);
			name = "[CP] Check Pods Manifest.lock";
			outputFileListPaths = (
			);
			outputPaths = (
				"$(DERIVED_FILE_DIR)/Pods-FlixTests-checkManifestLockResult.txt",
			);
			runOnlyForDeploymentPostprocessing = 0;
			shellPath = /bin/sh;
			shellScript = "diff \"${PODS_PODFILE_DIR_PATH}/Podfile.lock\" \"${PODS_ROOT}/Manifest.lock\" > /dev/null\nif [ $? != 0 ] ; then\n    # print error to STDERR\n    echo \"error: The sandbox is not in sync with the Podfile.lock. Run 'pod install' or update your CocoaPods installation.\" >&2\n    exit 1\nfi\n# This output is used by Xcode 'outputs' to avoid re-running this script phase.\necho \"SUCCESS\" > \"${SCRIPT_OUTPUT_FILE_0}\"\n";
			showEnvVarsInLog = 0;
		};
/* End PBXShellScriptBuildPhase section */

/* Begin PBXSourcesBuildPhase section */
		8A8C8A5628D556A900C5160D /* Sources */ = {
			isa = PBXSourcesBuildPhase;
			buildActionMask = 2147483647;
			files = (
				8A8C8A6228D556A900C5160D /* ViewController.swift in Sources */,
				8A8C8A5E28D556A900C5160D /* AppDelegate.swift in Sources */,
				8A849B2D28DE04B900323D22 /* MovieDetailsViewController.swift in Sources */,
				8A849B2F28DE252400323D22 /* MovieGridViewController.swift in Sources */,
				8A849B3128DE2BAB00323D22 /* MovieGridCell.swift in Sources */,
				8A8C8A6028D556A900C5160D /* SceneDelegate.swift in Sources */,
				8A8C8A9028D5782600C5160D /* MovieCell.swift in Sources */,
				8A8C8A8E28D56DC000C5160D /* MoviesViewController.swift in Sources */,
			);
			runOnlyForDeploymentPostprocessing = 0;
		};
		8A8C8A6C28D556AA00C5160D /* Sources */ = {
			isa = PBXSourcesBuildPhase;
			buildActionMask = 2147483647;
			files = (
				8A8C8A7528D556AA00C5160D /* FlixTests.swift in Sources */,
			);
			runOnlyForDeploymentPostprocessing = 0;
		};
		8A8C8A7628D556AA00C5160D /* Sources */ = {
			isa = PBXSourcesBuildPhase;
			buildActionMask = 2147483647;
			files = (
				8A8C8A7F28D556AA00C5160D /* FlixUITests.swift in Sources */,
				8A8C8A8128D556AA00C5160D /* FlixUITestsLaunchTests.swift in Sources */,
			);
			runOnlyForDeploymentPostprocessing = 0;
		};
/* End PBXSourcesBuildPhase section */

/* Begin PBXTargetDependency section */
		8A8C8A7228D556AA00C5160D /* PBXTargetDependency */ = {
			isa = PBXTargetDependency;
			target = 8A8C8A5928D556A900C5160D /* Flix */;
			targetProxy = 8A8C8A7128D556AA00C5160D /* PBXContainerItemProxy */;
		};
		8A8C8A7C28D556AA00C5160D /* PBXTargetDependency */ = {
			isa = PBXTargetDependency;
			target = 8A8C8A5928D556A900C5160D /* Flix */;
			targetProxy = 8A8C8A7B28D556AA00C5160D /* PBXContainerItemProxy */;
		};
/* End PBXTargetDependency section */

/* Begin PBXVariantGroup section */
		8A8C8A6328D556A900C5160D /* Main.storyboard */ = {
			isa = PBXVariantGroup;
			children = (
				8A8C8A6428D556A900C5160D /* Base */,
			);
			name = Main.storyboard;
			sourceTree = "<group>";
		};
		8A8C8A6828D556AA00C5160D /* LaunchScreen.storyboard */ = {
			isa = PBXVariantGroup;
			children = (
				8A8C8A6928D556AA00C5160D /* Base */,
			);
			name = LaunchScreen.storyboard;
			sourceTree = "<group>";
		};
/* End PBXVariantGroup section */

/* Begin XCBuildConfiguration section */
		8A8C8A8228D556AA00C5160D /* Debug */ = {
			isa = XCBuildConfiguration;
			buildSettings = {
				ALWAYS_SEARCH_USER_PATHS = NO;
				CLANG_ANALYZER_NONNULL = YES;
				CLANG_ANALYZER_NUMBER_OBJECT_CONVERSION = YES_AGGRESSIVE;
				CLANG_CXX_LANGUAGE_STANDARD = "gnu++17";
				CLANG_ENABLE_MODULES = YES;
				CLANG_ENABLE_OBJC_ARC = YES;
				CLANG_ENABLE_OBJC_WEAK = YES;
				CLANG_WARN_BLOCK_CAPTURE_AUTORELEASING = YES;
				CLANG_WARN_BOOL_CONVERSION = YES;
				CLANG_WARN_COMMA = YES;
				CLANG_WARN_CONSTANT_CONVERSION = YES;
				CLANG_WARN_DEPRECATED_OBJC_IMPLEMENTATIONS = YES;
				CLANG_WARN_DIRECT_OBJC_ISA_USAGE = YES_ERROR;
				CLANG_WARN_DOCUMENTATION_COMMENTS = YES;
				CLANG_WARN_EMPTY_BODY = YES;
				CLANG_WARN_ENUM_CONVERSION = YES;
				CLANG_WARN_INFINITE_RECURSION = YES;
				CLANG_WARN_INT_CONVERSION = YES;
				CLANG_WARN_NON_LITERAL_NULL_CONVERSION = YES;
				CLANG_WARN_OBJC_IMPLICIT_RETAIN_SELF = YES;
				CLANG_WARN_OBJC_LITERAL_CONVERSION = YES;
				CLANG_WARN_OBJC_ROOT_CLASS = YES_ERROR;
				CLANG_WARN_QUOTED_INCLUDE_IN_FRAMEWORK_HEADER = YES;
				CLANG_WARN_RANGE_LOOP_ANALYSIS = YES;
				CLANG_WARN_STRICT_PROTOTYPES = YES;
				CLANG_WARN_SUSPICIOUS_MOVE = YES;
				CLANG_WARN_UNGUARDED_AVAILABILITY = YES_AGGRESSIVE;
				CLANG_WARN_UNREACHABLE_CODE = YES;
				CLANG_WARN__DUPLICATE_METHOD_MATCH = YES;
				COPY_PHASE_STRIP = NO;
				DEBUG_INFORMATION_FORMAT = dwarf;
				ENABLE_STRICT_OBJC_MSGSEND = YES;
				ENABLE_TESTABILITY = YES;
				GCC_C_LANGUAGE_STANDARD = gnu11;
				GCC_DYNAMIC_NO_PIC = NO;
				GCC_NO_COMMON_BLOCKS = YES;
				GCC_OPTIMIZATION_LEVEL = 0;
				GCC_PREPROCESSOR_DEFINITIONS = (
					"DEBUG=1",
					"$(inherited)",
				);
				GCC_WARN_64_TO_32_BIT_CONVERSION = YES;
				GCC_WARN_ABOUT_RETURN_TYPE = YES_ERROR;
				GCC_WARN_UNDECLARED_SELECTOR = YES;
				GCC_WARN_UNINITIALIZED_AUTOS = YES_AGGRESSIVE;
				GCC_WARN_UNUSED_FUNCTION = YES;
				GCC_WARN_UNUSED_VARIABLE = YES;
				IPHONEOS_DEPLOYMENT_TARGET = 15.5;
				MTL_ENABLE_DEBUG_INFO = INCLUDE_SOURCE;
				MTL_FAST_MATH = YES;
				ONLY_ACTIVE_ARCH = YES;
				SDKROOT = iphoneos;
				SWIFT_ACTIVE_COMPILATION_CONDITIONS = DEBUG;
				SWIFT_OPTIMIZATION_LEVEL = "-Onone";
			};
			name = Debug;
		};
		8A8C8A8328D556AA00C5160D /* Release */ = {
			isa = XCBuildConfiguration;
			buildSettings = {
				ALWAYS_SEARCH_USER_PATHS = NO;
				CLANG_ANALYZER_NONNULL = YES;
				CLANG_ANALYZER_NUMBER_OBJECT_CONVERSION = YES_AGGRESSIVE;
				CLANG_CXX_LANGUAGE_STANDARD = "gnu++17";
				CLANG_ENABLE_MODULES = YES;
				CLANG_ENABLE_OBJC_ARC = YES;
				CLANG_ENABLE_OBJC_WEAK = YES;
				CLANG_WARN_BLOCK_CAPTURE_AUTORELEASING = YES;
				CLANG_WARN_BOOL_CONVERSION = YES;
				CLANG_WARN_COMMA = YES;
				CLANG_WARN_CONSTANT_CONVERSION = YES;
				CLANG_WARN_DEPRECATED_OBJC_IMPLEMENTATIONS = YES;
				CLANG_WARN_DIRECT_OBJC_ISA_USAGE = YES_ERROR;
				CLANG_WARN_DOCUMENTATION_COMMENTS = YES;
				CLANG_WARN_EMPTY_BODY = YES;
				CLANG_WARN_ENUM_CONVERSION = YES;
				CLANG_WARN_INFINITE_RECURSION = YES;
				CLANG_WARN_INT_CONVERSION = YES;
				CLANG_WARN_NON_LITERAL_NULL_CONVERSION = YES;
				CLANG_WARN_OBJC_IMPLICIT_RETAIN_SELF = YES;
				CLANG_WARN_OBJC_LITERAL_CONVERSION = YES;
				CLANG_WARN_OBJC_ROOT_CLASS = YES_ERROR;
				CLANG_WARN_QUOTED_INCLUDE_IN_FRAMEWORK_HEADER = YES;
				CLANG_WARN_RANGE_LOOP_ANALYSIS = YES;
				CLANG_WARN_STRICT_PROTOTYPES = YES;
				CLANG_WARN_SUSPICIOUS_MOVE = YES;
				CLANG_WARN_UNGUARDED_AVAILABILITY = YES_AGGRESSIVE;
				CLANG_WARN_UNREACHABLE_CODE = YES;
				CLANG_WARN__DUPLICATE_METHOD_MATCH = YES;
				COPY_PHASE_STRIP = NO;
				DEBUG_INFORMATION_FORMAT = "dwarf-with-dsym";
				ENABLE_NS_ASSERTIONS = NO;
				ENABLE_STRICT_OBJC_MSGSEND = YES;
				GCC_C_LANGUAGE_STANDARD = gnu11;
				GCC_NO_COMMON_BLOCKS = YES;
				GCC_WARN_64_TO_32_BIT_CONVERSION = YES;
				GCC_WARN_ABOUT_RETURN_TYPE = YES_ERROR;
				GCC_WARN_UNDECLARED_SELECTOR = YES;
				GCC_WARN_UNINITIALIZED_AUTOS = YES_AGGRESSIVE;
				GCC_WARN_UNUSED_FUNCTION = YES;
				GCC_WARN_UNUSED_VARIABLE = YES;
				IPHONEOS_DEPLOYMENT_TARGET = 15.5;
				MTL_ENABLE_DEBUG_INFO = NO;
				MTL_FAST_MATH = YES;
				SDKROOT = iphoneos;
				SWIFT_COMPILATION_MODE = wholemodule;
				SWIFT_OPTIMIZATION_LEVEL = "-O";
				VALIDATE_PRODUCT = YES;
			};
			name = Release;
		};
		8A8C8A8528D556AA00C5160D /* Debug */ = {
			isa = XCBuildConfiguration;
			baseConfigurationReference = 49894E650792451184D97517 /* Pods-Flix.debug.xcconfig */;
			buildSettings = {
				ASSETCATALOG_COMPILER_APPICON_NAME = AppIcon;
				ASSETCATALOG_COMPILER_GLOBAL_ACCENT_COLOR_NAME = AccentColor;
				CODE_SIGN_STYLE = Automatic;
				CURRENT_PROJECT_VERSION = 1;
				DEVELOPMENT_TEAM = FN6CK3Z9G3;
				GENERATE_INFOPLIST_FILE = YES;
				INFOPLIST_FILE = Flix/Info.plist;
				INFOPLIST_KEY_UIApplicationSupportsIndirectInputEvents = YES;
				INFOPLIST_KEY_UILaunchStoryboardName = LaunchScreen;
				INFOPLIST_KEY_UIMainStoryboardFile = Main;
				INFOPLIST_KEY_UISupportedInterfaceOrientations_iPad = "UIInterfaceOrientationPortrait UIInterfaceOrientationPortraitUpsideDown UIInterfaceOrientationLandscapeLeft UIInterfaceOrientationLandscapeRight";
				INFOPLIST_KEY_UISupportedInterfaceOrientations_iPhone = "UIInterfaceOrientationPortrait UIInterfaceOrientationLandscapeLeft UIInterfaceOrientationLandscapeRight";
				LD_RUNPATH_SEARCH_PATHS = (
					"$(inherited)",
					"@executable_path/Frameworks",
				);
				MARKETING_VERSION = 1.0;
				PRODUCT_BUNDLE_IDENTIFIER = First.Flix;
				PRODUCT_NAME = "$(TARGET_NAME)";
				SWIFT_EMIT_LOC_STRINGS = YES;
				SWIFT_VERSION = 5.0;
				TARGETED_DEVICE_FAMILY = "1,2";
			};
			name = Debug;
		};
		8A8C8A8628D556AA00C5160D /* Release */ = {
			isa = XCBuildConfiguration;
			baseConfigurationReference = 4B8B1E938138E81521691004 /* Pods-Flix.release.xcconfig */;
			buildSettings = {
				ASSETCATALOG_COMPILER_APPICON_NAME = AppIcon;
				ASSETCATALOG_COMPILER_GLOBAL_ACCENT_COLOR_NAME = AccentColor;
				CODE_SIGN_STYLE = Automatic;
				CURRENT_PROJECT_VERSION = 1;
				DEVELOPMENT_TEAM = FN6CK3Z9G3;
				GENERATE_INFOPLIST_FILE = YES;
				INFOPLIST_FILE = Flix/Info.plist;
				INFOPLIST_KEY_UIApplicationSupportsIndirectInputEvents = YES;
				INFOPLIST_KEY_UILaunchStoryboardName = LaunchScreen;
				INFOPLIST_KEY_UIMainStoryboardFile = Main;
				INFOPLIST_KEY_UISupportedInterfaceOrientations_iPad = "UIInterfaceOrientationPortrait UIInterfaceOrientationPortraitUpsideDown UIInterfaceOrientationLandscapeLeft UIInterfaceOrientationLandscapeRight";
				INFOPLIST_KEY_UISupportedInterfaceOrientations_iPhone = "UIInterfaceOrientationPortrait UIInterfaceOrientationLandscapeLeft UIInterfaceOrientationLandscapeRight";
				LD_RUNPATH_SEARCH_PATHS = (
					"$(inherited)",
					"@executable_path/Frameworks",
				);
				MARKETING_VERSION = 1.0;
				PRODUCT_BUNDLE_IDENTIFIER = First.Flix;
				PRODUCT_NAME = "$(TARGET_NAME)";
				SWIFT_EMIT_LOC_STRINGS = YES;
				SWIFT_VERSION = 5.0;
				TARGETED_DEVICE_FAMILY = "1,2";
			};
			name = Release;
		};
		8A8C8A8828D556AA00C5160D /* Debug */ = {
			isa = XCBuildConfiguration;
			baseConfigurationReference = D9252C12947D412FF8097F34 /* Pods-FlixTests.debug.xcconfig */;
			buildSettings = {
				ALWAYS_EMBED_SWIFT_STANDARD_LIBRARIES = YES;
				BUNDLE_LOADER = "$(TEST_HOST)";
				CODE_SIGN_STYLE = Automatic;
				CURRENT_PROJECT_VERSION = 1;
				DEVELOPMENT_TEAM = FN6CK3Z9G3;
				GENERATE_INFOPLIST_FILE = YES;
				IPHONEOS_DEPLOYMENT_TARGET = 15.5;
				MARKETING_VERSION = 1.0;
				PRODUCT_BUNDLE_IDENTIFIER = First.FlixTests;
				PRODUCT_NAME = "$(TARGET_NAME)";
				SWIFT_EMIT_LOC_STRINGS = NO;
				SWIFT_VERSION = 5.0;
				TARGETED_DEVICE_FAMILY = "1,2";
				TEST_HOST = "$(BUILT_PRODUCTS_DIR)/Flix.app/Flix";
			};
			name = Debug;
		};
		8A8C8A8928D556AA00C5160D /* Release */ = {
			isa = XCBuildConfiguration;
			baseConfigurationReference = 459863E757887D4F4BA0E594 /* Pods-FlixTests.release.xcconfig */;
			buildSettings = {
				ALWAYS_EMBED_SWIFT_STANDARD_LIBRARIES = YES;
				BUNDLE_LOADER = "$(TEST_HOST)";
				CODE_SIGN_STYLE = Automatic;
				CURRENT_PROJECT_VERSION = 1;
				DEVELOPMENT_TEAM = FN6CK3Z9G3;
				GENERATE_INFOPLIST_FILE = YES;
				IPHONEOS_DEPLOYMENT_TARGET = 15.5;
				MARKETING_VERSION = 1.0;
				PRODUCT_BUNDLE_IDENTIFIER = First.FlixTests;
				PRODUCT_NAME = "$(TARGET_NAME)";
				SWIFT_EMIT_LOC_STRINGS = NO;
				SWIFT_VERSION = 5.0;
				TARGETED_DEVICE_FAMILY = "1,2";
				TEST_HOST = "$(BUILT_PRODUCTS_DIR)/Flix.app/Flix";
			};
			name = Release;
		};
		8A8C8A8B28D556AA00C5160D /* Debug */ = {
			isa = XCBuildConfiguration;
			baseConfigurationReference = 96877D799BE1D4AE0FE0017E /* Pods-Flix-FlixUITests.debug.xcconfig */;
			buildSettings = {
				ALWAYS_EMBED_SWIFT_STANDARD_LIBRARIES = YES;
				CODE_SIGN_STYLE = Automatic;
				CURRENT_PROJECT_VERSION = 1;
				DEVELOPMENT_TEAM = FN6CK3Z9G3;
				GENERATE_INFOPLIST_FILE = YES;
				MARKETING_VERSION = 1.0;
				PRODUCT_BUNDLE_IDENTIFIER = First.FlixUITests;
				PRODUCT_NAME = "$(TARGET_NAME)";
				SWIFT_EMIT_LOC_STRINGS = NO;
				SWIFT_VERSION = 5.0;
				TARGETED_DEVICE_FAMILY = "1,2";
				TEST_TARGET_NAME = Flix;
			};
			name = Debug;
		};
		8A8C8A8C28D556AA00C5160D /* Release */ = {
			isa = XCBuildConfiguration;
			baseConfigurationReference = FD10F576CCE17A9D63734FDA /* Pods-Flix-FlixUITests.release.xcconfig */;
			buildSettings = {
				ALWAYS_EMBED_SWIFT_STANDARD_LIBRARIES = YES;
				CODE_SIGN_STYLE = Automatic;
				CURRENT_PROJECT_VERSION = 1;
				DEVELOPMENT_TEAM = FN6CK3Z9G3;
				GENERATE_INFOPLIST_FILE = YES;
				MARKETING_VERSION = 1.0;
				PRODUCT_BUNDLE_IDENTIFIER = First.FlixUITests;
				PRODUCT_NAME = "$(TARGET_NAME)";
				SWIFT_EMIT_LOC_STRINGS = NO;
				SWIFT_VERSION = 5.0;
				TARGETED_DEVICE_FAMILY = "1,2";
				TEST_TARGET_NAME = Flix;
			};
			name = Release;
		};
/* End XCBuildConfiguration section */

/* Begin XCConfigurationList section */
		8A8C8A5528D556A900C5160D /* Build configuration list for PBXProject "Flix" */ = {
			isa = XCConfigurationList;
			buildConfigurations = (
				8A8C8A8228D556AA00C5160D /* Debug */,
				8A8C8A8328D556AA00C5160D /* Release */,
			);
			defaultConfigurationIsVisible = 0;
			defaultConfigurationName = Release;
		};
		8A8C8A8428D556AA00C5160D /* Build configuration list for PBXNativeTarget "Flix" */ = {
			isa = XCConfigurationList;
			buildConfigurations = (
				8A8C8A8528D556AA00C5160D /* Debug */,
				8A8C8A8628D556AA00C5160D /* Release */,
			);
			defaultConfigurationIsVisible = 0;
			defaultConfigurationName = Release;
		};
		8A8C8A8728D556AA00C5160D /* Build configuration list for PBXNativeTarget "FlixTests" */ = {
			isa = XCConfigurationList;
			buildConfigurations = (
				8A8C8A8828D556AA00C5160D /* Debug */,
				8A8C8A8928D556AA00C5160D /* Release */,
			);
			defaultConfigurationIsVisible = 0;
			defaultConfigurationName = Release;
		};
		8A8C8A8A28D556AA00C5160D /* Build configuration list for PBXNativeTarget "FlixUITests" */ = {
			isa = XCConfigurationList;
			buildConfigurations = (
				8A8C8A8B28D556AA00C5160D /* Debug */,
				8A8C8A8C28D556AA00C5160D /* Release */,
			);
			defaultConfigurationIsVisible = 0;
			defaultConfigurationName = Release;
		};
/* End XCConfigurationList section */

/* Begin XCRemoteSwiftPackageReference section */
		8A8C8A9128D5835B00C5160D /* XCRemoteSwiftPackageReference "AlamofireImage" */ = {
			isa = XCRemoteSwiftPackageReference;
			repositoryURL = "https://github.com/Alamofire/AlamofireImage";
			requirement = {
				kind = upToNextMajorVersion;
				minimumVersion = 4.0.0;
			};
		};
/* End XCRemoteSwiftPackageReference section */

/* Begin XCSwiftPackageProductDependency section */
		8A8C8A9228D5835B00C5160D /* AlamofireImage */ = {
			isa = XCSwiftPackageProductDependency;
			package = 8A8C8A9128D5835B00C5160D /* XCRemoteSwiftPackageReference "AlamofireImage" */;
			productName = AlamofireImage;
		};
/* End XCSwiftPackageProductDependency section */
	};
	rootObject = 8A8C8A5228D556A900C5160D /* Project object */;
}
